{
  "name": "Skinet",
  "lockfileVersion": 3,
  "requires": true,
  "packages": {
    "": {
      "dependencies": {
        "@stripe/stripe-js": "^9.13.0"
      }
    },
    "node_modules/@stripe/stripe-js": {
      "version": "9.13.0",
      "resolved": "https://registry.npmjs.org/@stripe/stripe-js/-/stripe-js-9.13.0.tgz",
      "integrity": "sha512-/0c72BUgzzVkVTlsw5uBn8x3waTdVJ/PZGfQ6jY1eu6K7olUPf4d9lgDPA9/0sIdsR8j7o3QIG8fOCO6ItcL7A==",
      "license": "MIT",
      "engines": {
        "node": ">=12.16"
      }
    }
  }
}
